Microsoft Visual Studio Solution File, Format Version 12.00
# Visual Studio Version 17
VisualStudioVersion = 17.5.2.0
MinimumVisualStudioVersion = 10.0.40219.1
Project("{FAE04EC0-301F-11D3-BF4B-00C04F79EFBC}") = "SearchAlogorithms", "SearchAlogorithms.csproj", "{AB895C8B-A5FE-3018-E107-45833320B18C}"
EndProject
Global
	GlobalSection(SolutionConfigurationPlatforms) = preSolution
		Debug|Any CPU = Debug|Any CPU
		Release|Any CPU = Release|Any CPU
	EndGlobalSection
	GlobalSection(ProjectConfigurationPlatforms) = postSolution
		{AB895C8B-A5FE-3018-E107-45833320B18C}.Debug|Any CPU.ActiveCfg = Debug|Any CPU
		{AB895C8B-A5FE-3018-E107-45833320B18C}.Debug|Any CPU.Build.0 = Debug|Any CPU
		{AB895C8B-A5FE-3018-E107-45833320B18C}.Release|Any CPU.ActiveCfg = Release|Any CPU
		{AB895C8B-A5FE-3018-E107-45833320B18C}.Release|Any CPU.Build.0 = Release|Any CPU
	EndGlobalSection
	GlobalSection(SolutionProperties) = preSolution
		HideSolutionNode = FALSE
	EndGlobalSection
	GlobalSection(ExtensibilityGlobals) = postSolution
		SolutionGuid = {11EF65B7-F842-41A5-90F2-9B852242E567}
	EndGlobalSection
EndGlobal
